// !$*UTF8*$!
{
	archiveVersion = 1;
	classes = {
	};
	objectVersion = 77;
	objects = {

/* Begin PBXContainerItemProxy section */
		33EF7BF52F5D0022000644BD /* PBXContainerItemProxy */ = {
			isa = PBXContainerItemProxy;
			containerPortal = 33EF7BDF2F5D0020000644BD /* Project object */;
			proxyType = 1;
			remoteGlobalIDString = 33EF7BE62F5D0020000644BD;
			remoteInfo = MetadataRemover;
		};
		33EF7BFF2F5D0022000644BD /* PBXContainerItemProxy */ = {
			isa = PBXContainerItemProxy;
			containerPortal = 33EF7BDF2F5D0020000644BD /* Project object */;
			proxyType = 1;
			remoteGlobalIDString = 33EF7BE62F5D0020000644BD;
			remoteInfo = MetadataRemover;
		};
/* End PBXContainerItemProxy section */

/* Begin PBXFileReference section */
		33EF7BE72F5D0020000644BD /* MetadataRemover.app */ = {isa = PBXFileReference; explicitFileType = wrapper.application; includeInIndex = 0; path = MetadataRemover.app; sourceTree = BUILT_PRODUCTS_DIR; };
		33EF7BF42F5D0022000644BD /* MetadataRemoverTests.xctest */ = {isa = PBXFileReference; explicitFileType = wrapper.cfbundle; includeInIndex = 0; path = MetadataRemoverTests.xctest; sourceTree = BUILT_PRODUCTS_DIR; };
		33EF7BFE2F5D0022000644BD /* MetadataRemoverUITests.xctest */ = {isa = PBXFileReference; explicitFileType = wrapper.cfbundle; includeInIndex = 0; path = MetadataRemoverUITests.xctest; sourceTree = BUILT_PRODUCTS_DIR; };
/* End PBXFileReference section */

/* Begin PBXFileSystemSynchronizedRootGroup section */
		33EF7BE92F5D0020000644BD /* MetadataRemover */ = {
			isa = PBXFileSystemSynchronizedRootGroup;
			path = MetadataRemover;
			sourceTree = "<group>";
		};
		33EF7BF72F5D0022000644BD /* MetadataRemoverTests */ = {
			isa = PBXFileSystemSynchronizedRootGroup;
			path = MetadataRemoverTests;
			sourceTree = "<group>";
		};
		33EF7C012F5D0022000644BD /* MetadataRemoverUITests */ = {
			isa = PBXFileSystemSynchronizedRootGroup;
			path = MetadataRemoverUITests;
			sourceTree = "<group>";
		};
/* End PBXFileSystemSynchronizedRootGroup section */

/* Begin PBXFrameworksBuildPhase section */
		33EF7BE42F5D0020000644BD /* Frameworks */ = {
			isa = PBXFrameworksBuildPhase;
			buildActionMask = 2147483647;
			files = (
			);
			runOnlyForDeploymentPostprocessing = 0;
		};
		33EF7BF12F5D0022000644BD /* Frameworks */ = {
			isa = PBXFrameworksBuildPhase;
			buildActionMask = 2147483647;
			files = (
			);
			runOnlyForDeploymentPostprocessing = 0;
		};
		33EF7BFB2F5D0022000644BD /* Frameworks */ = {
			isa = PBXFrameworksBuildPhase;
			buildActionMask = 2147483647;
			files = (
			);
			runOnlyForDeploymentPostprocessing = 0;
		};
/* End PBXFrameworksBuildPhase section */

/* Begin PBXGroup section */
		33EF7BDE2F5D0020000644BD = {
			isa = PBXGroup;
			children = (
				33EF7BE92F5D0020000644BD /* MetadataRemover */,
				33EF7BF72F5D0022000644BD /* MetadataRemoverTests */,
				33EF7C012F5D0022000644BD /* MetadataRemoverUITests */,
				33EF7BE82F5D0020000644BD /* Products */,
			);
			sourceTree = "<group>";
		};
		33EF7BE82F5D0020000644BD /* Products */ = {
			isa = PBXGroup;
			children = (
				33EF7BE72F5D0020000644BD /* MetadataRemover.app */,
				33EF7BF42F5D0022000644BD /* MetadataRemoverTests.xctest */,
				33EF7BFE2F5D0022000644BD /* MetadataRemoverUITests.xctest */,
			);
			name = Products;
			sourceTree = "<group>";
		};
/* End PBXGroup section */

/* Begin PBXNativeTarget section */
		33EF7BE62F5D0020000644BD /* MetadataRemover */ = {
			isa = PBXNativeTarget;
			buildConfigurationList = 33EF7C082F5D0022000644BD /* Build configuration list for PBXNativeTarget "MetadataRemover" */;
			buildPhases = (
				33EF7BE32F5D0020000644BD /* Sources */,
				33EF7BE42F5D0020000644BD /* Frameworks */,
				33EF7BE52F5D0020000644BD /* Resources */,
			);
			buildRules = (
			);
			dependencies = (
			);
			fileSystemSynchronizedGroups = (
				33EF7BE92F5D0020000644BD /* MetadataRemover */,
			);
			name = MetadataRemover;
			packageProductDependencies = (
			);
			productName = MetadataRemover;
			productReference = 33EF7BE72F5D0020000644BD /* MetadataRemover.app */;
			productType = "com.apple.product-type.application";
		};
		33EF7BF32F5D0022000644BD /* MetadataRemoverTests */ = {
			isa = PBXNativeTarget;
			buildConfigurationList = 33EF7C0B2F5D0022000644BD /* Build configuration list for PBXNativeTarget "MetadataRemoverTests" */;
			buildPhases = (
				33EF7BF02F5D0022000644BD /* Sources */,
				33EF7BF12F5D0022000644BD /* Frameworks */,
				33EF7BF22F5D0022000644BD /* Resources */,
			);
			buildRules = (
			);
			dependencies = (
				33EF7BF62F5D0022000644BD /* PBXTargetDependency */,
			);
			fileSystemSynchronizedGroups = (
				33EF7BF72F5D0022000644BD /* MetadataRemoverTests */,
			);
			name = MetadataRemoverTests;
			packageProductDependencies = (
			);
			productName = MetadataRemoverTests;
			productReference = 33EF7BF42F5D0022000644BD /* MetadataRemoverTests.xctest */;
			productType = "com.apple.product-type.bundle.unit-test";
		};
		33EF7BFD2F5D0022000644BD /* MetadataRemoverUITests */ = {
			isa = PBXNativeTarget;
			buildConfigurationList = 33EF7C0E2F5D0022000644BD /* Build configuration list for PBXNativeTarget "MetadataRemoverUITests" */;
			buildPhases = (
				33EF7BFA2F5D0022000644BD /* Sources */,
				33EF7BFB2F5D0022000644BD /* Frameworks */,
				33EF7BFC2F5D0022000644BD /* Resources */,
			);
			buildRules = (
			);
			dependencies = (
				33EF7C002F5D0022000644BD /* PBXTargetDependency */,
			);
			fileSystemSynchronizedGroups = (
				33EF7C012F5D0022000644BD /* MetadataRemoverUITests */,
			);
			name = MetadataRemoverUITests;
			packageProductDependencies = (
			);
			productName = MetadataRemoverUITests;
			productReference = 33EF7BFE2F5D0022000644BD /* MetadataRemoverUITests.xctest */;
			productType = "com.apple.product-type.bundle.ui-testing";
		};
/* End PBXNativeTarget section */

/* Begin PBXProject section */
		33EF7BDF2F5D0020000644BD /* Project object */ = {
			isa = PBXProject;
			attributes = {
				BuildIndependentTargetsInParallel = 1;
				LastSwiftUpdateCheck = 2610;
				LastUpgradeCheck = 2610;
				TargetAttributes = {
					33EF7BE62F5D0020000644BD = {
						CreatedOnToolsVersion = 26.1.1;
					};
					33EF7BF32F5D0022000644BD = {
						CreatedOnToolsVersion = 26.1.1;
						TestTargetID = 33EF7BE62F5D0020000644BD;
					};
					33EF7BFD2F5D0022000644BD = {
						CreatedOnToolsVersion = 26.1.1;
						TestTargetID = 33EF7BE62F5D0020000644BD;
					};
				};
			};
			buildConfigurationList = 33EF7BE22F5D0020000644BD /* Build configuration list for PBXProject "MetadataRemover" */;
			developmentRegion = en;
			hasScannedForEncodings = 0;
			knownRegions = (
				en,
				Base,
			);
			mainGroup = 33EF7BDE2F5D0020000644BD;
			minimizedProjectReferenceProxies = 1;
			preferredProjectObjectVersion = 77;
			productRefGroup = 33EF7BE82F5D0020000644BD /* Products */;
			projectDirPath = "";
			projectRoot = "";
			targets = (
				33EF7BE62F5D0020000644BD /* MetadataRemover */,
				33EF7BF32F5D0022000644BD /* MetadataRemoverTests */,
				33EF7BFD2F5D0022000644BD /* MetadataRemoverUITests */,
			);
		};
/* End PBXProject section */

/* Begin PBXResourcesBuildPhase section */
		33EF7BE52F5D0020000644BD /* Resources */ = {
			isa = PBXResourcesBuildPhase;
			buildActionMask = 2147483647;
			files = (
			);
			runOnlyForDeploymentPostprocessing = 0;
		};
		33EF7BF22F5D0022000644BD /* Resources */ = {
			isa = PBXResourcesBuildPhase;
			buildActionMask = 2147483647;
			files = (
			);
			runOnlyForDeploymentPostprocessing = 0;
		};
		33EF7BFC2F5D0022000644BD /* Resources */ = {
			isa = PBXResourcesBuildPhase;
			buildActionMask = 2147483647;
			files = (
			);
			runOnlyForDeploymentPostprocessing = 0;
		};
/* End PBXResourcesBuildPhase section */

/* Begin PBXSourcesBuildPhase section */
		33EF7BE32F5D0020000644BD /* Sources */ = {
			isa = PBXSourcesBuildPhase;
			buildActionMask = 2147483647;
			files = (
			);
			runOnlyForDeploymentPostprocessing = 0;
		};
		33EF7BF02F5D0022000644BD /* Sources */ = {
			isa = PBXSourcesBuildPhase;
			buildActionMask = 2147483647;
			files = (
			);
			runOnlyForDeploymentPostprocessing = 0;
		};
		33EF7BFA2F5D0022000644BD /* Sources */ = {
			isa = PBXSourcesBuildPhase;
			buildActionMask = 2147483647;
			files = (
			);
			runOnlyForDeploymentPostprocessing = 0;
		};
/* End PBXSourcesBuildPhase section */

/* Begin PBXTargetDependency section */
		33EF7BF62F5D0022000644BD /* PBXTargetDependency */ = {
			isa = PBXTargetDependency;
			target = 33EF7BE62F5D0020000644BD /* MetadataRemover */;
			targetProxy = 33EF7BF52F5D0022000644BD /* PBXContainerItemProxy */;
		};
		33EF7C002F5D0022000644BD /* PBXTargetDependency */ = {
			isa = PBXTargetDependency;
			target = 33EF7BE62F5D0020000644BD /* MetadataRemover */;
			targetProxy = 33EF7BFF2F5D0022000644BD /* PBXContainerItemProxy */;
		};
/* End PBXTargetDependency section */

/* Begin XCBuildConfiguration section */
		33EF7C062F5D0022000644BD /* Debug */ = {
			isa = XCBuildConfiguration;
			buildSettings = {
				ALWAYS_SEARCH_USER_PATHS = NO;
				ASSETCATALOG_COMPILER_GENERATE_SWIFT_ASSET_SYMBOL_EXTENSIONS = YES;
				CLANG_ANALYZER_NONNULL = YES;
				CLANG_ANALYZER_NUMBER_OBJECT_CONVERSION = YES_AGGRESSIVE;
				CLANG_CXX_LANGUAGE_STANDARD = "gnu++20";
				CLANG_ENABLE_MODULES = YES;
				CLANG_ENABLE_OBJC_ARC = YES;
				CLANG_ENABLE_OBJC_WEAK = YES;
				CLANG_WARN_BLOCK_CAPTURE_AUTORELEASING = YES;
				CLANG_WARN_BOOL_CONVERSION = YES;
				CLANG_WARN_COMMA = YES;
				CLANG_WARN_CONSTANT_CONVERSION = YES;
				CLANG_WARN_DEPRECATED_OBJC_IMPLEMENTATIONS = YES;
				CLANG_WARN_DIRECT_OBJC_ISA_USAGE = YES_ERROR;
				CLANG_WARN_DOCUMENTATION_COMMENTS = YES;
				CLANG_WARN_EMPTY_BODY = YES;
				CLANG_WARN_ENUM_CONVERSION = YES;
				CLANG_WARN_INFINITE_RECURSION = YES;
				CLANG_WARN_INT_CONVERSION = YES;
				CLANG_WARN_NON_LITERAL_NULL_CONVERSION = YES;
				CLANG_WARN_OBJC_IMPLICIT_RETAIN_SELF = YES;
				CLANG_WARN_OBJC_LITERAL_CONVERSION = YES;
				CLANG_WARN_OBJC_ROOT_CLASS = YES_ERROR;
				CLANG_WARN_QUOTED_INCLUDE_IN_FRAMEWORK_HEADER = YES;
				CLANG_WARN_RANGE_LOOP_ANALYSIS = YES;
				CLANG_WARN_STRICT_PROTOTYPES = YES;
				CLANG_WARN_SUSPICIOUS_MOVE = YES;
				CLANG_WARN_UNGUARDED_AVAILABILITY = YES_AGGRESSIVE;
				CLANG_WARN_UNREACHABLE_CODE = YES;
				CLANG_WARN__DUPLICATE_METHOD_MATCH = YES;
				COPY_PHASE_STRIP = NO;
				DEBUG_INFORMATION_FORMAT = dwarf;
				DEVELOPMENT_TEAM = 38X539SLX8;
				ENABLE_STRICT_OBJC_MSGSEND = YES;
				ENABLE_TESTABILITY = YES;
				ENABLE_USER_SCRIPT_SANDBOXING = YES;
				GCC_C_LANGUAGE_STANDARD = gnu17;
				GCC_DYNAMIC_NO_PIC = NO;
				GCC_NO_COMMON_BLOCKS = YES;
				GCC_OPTIMIZATION_LEVEL = 0;
				GCC_PREPROCESSOR_DEFINITIONS = (
					"DEBUG=1",
					"$(inherited)",
				);
				GCC_WARN_64_TO_32_BIT_CONVERSION = YES;
				GCC_WARN_ABOUT_RETURN_TYPE = YES_ERROR;
				GCC_WARN_UNDECLARED_SELECTOR = YES;
				GCC_WARN_UNINITIALIZED_AUTOS = YES_AGGRESSIVE;
				GCC_WARN_UNUSED_FUNCTION = YES;
				GCC_WARN_UNUSED_VARIABLE = YES;
				IPHONEOS_DEPLOYMENT_TARGET = 26.1;
				LOCALIZATION_PREFERS_STRING_CATALOGS = YES;
				MTL_ENABLE_DEBUG_INFO = INCLUDE_SOURCE;
				MTL_FAST_MATH = YES;
				ONLY_ACTIVE_ARCH = YES;
				SDKROOT = iphoneos;
				SWIFT_ACTIVE_COMPILATION_CONDITIONS = "DEBUG $(inherited)";
				SWIFT_OPTIMIZATION_LEVEL = "-Onone";
			};
			name = Debug;
		};
		33EF7C072F5D0022000644BD /* Release */ = {
			isa = XCBuildConfiguration;
			buildSettings = {
				ALWAYS_SEARCH_USER_PATHS = NO;
				ASSETCATALOG_COMPILER_GENERATE_SWIFT_ASSET_SYMBOL_EXTENSIONS = YES;
				CLANG_ANALYZER_NONNULL = YES;
				CLANG_ANALYZER_NUMBER_OBJECT_CONVERSION = YES_AGGRESSIVE;
				CLANG_CXX_LANGUAGE_STANDARD = "gnu++20";
				CLANG_ENABLE_MODULES = YES;
				CLANG_ENABLE_OBJC_ARC = YES;
				CLANG_ENABLE_OBJC_WEAK = YES;
				CLANG_WARN_BLOCK_CAPTURE_AUTORELEASING = YES;
				CLANG_WARN_BOOL_CONVERSION = YES;
				CLANG_WARN_COMMA = YES;
				CLANG_WARN_CONSTANT_CONVERSION = YES;
				CLANG_WARN_DEPRECATED_OBJC_IMPLEMENTATIONS = YES;
				CLANG_WARN_DIRECT_OBJC_ISA_USAGE = YES_ERROR;
				CLANG_WARN_DOCUMENTATION_COMMENTS = YES;
				CLANG_WARN_EMPTY_BODY = YES;
				CLANG_WARN_ENUM_CONVERSION = YES;
				CLANG_WARN_INFINITE_RECURSION = YES;
				CLANG_WARN_INT_CONVERSION = YES;
				CLANG_WARN_NON_LITERAL_NULL_CONVERSION = YES;
				CLANG_WARN_OBJC_IMPLICIT_RETAIN_SELF = YES;
				CLANG_WARN_OBJC_LITERAL_CONVERSION = YES;
				CLANG_WARN_OBJC_ROOT_CLASS = YES_ERROR;
				CLANG_WARN_QUOTED_INCLUDE_IN_FRAMEWORK_HEADER = YES;
				CLANG_WARN_RANGE_LOOP_ANALYSIS = YES;
				CLANG_WARN_STRICT_PROTOTYPES = YES;
				CLANG_WARN_SUSPICIOUS_MOVE = YES;
				CLANG_WARN_UNGUARDED_AVAILABILITY = YES_AGGRESSIVE;
				CLANG_WARN_UNREACHABLE_CODE = YES;
				CLANG_WARN__DUPLICATE_METHOD_MATCH = YES;
				COPY_PHASE_STRIP = NO;
				DEBUG_INFORMATION_FORMAT = "dwarf-with-dsym";
				DEVELOPMENT_TEAM = 38X539SLX8;
				ENABLE_NS_ASSERTIONS = NO;
				ENABLE_STRICT_OBJC_MSGSEND = YES;
				ENABLE_USER_SCRIPT_SANDBOXING = YES;
				GCC_C_LANGUAGE_STANDARD = gnu17;
				GCC_NO_COMMON_BLOCKS = YES;
				GCC_WARN_64_TO_32_BIT_CONVERSION = YES;
				GCC_WARN_ABOUT_RETURN_TYPE = YES_ERROR;
				GCC_WARN_UNDECLARED_SELECTOR = YES;
				GCC_WARN_UNINITIALIZED_AUTOS = YES_AGGRESSIVE;
				GCC_WARN_UNUSED_FUNCTION = YES;
				GCC_WARN_UNUSED_VARIABLE = YES;
				IPHONEOS_DEPLOYMENT_TARGET = 26.1;
				LOCALIZATION_PREFERS_STRING_CATALOGS = YES;
				MTL_ENABLE_DEBUG_INFO = NO;
				MTL_FAST_MATH = YES;
				SDKROOT = iphoneos;
				SWIFT_COMPILATION_MODE = wholemodule;
				VALIDATE_PRODUCT = YES;
			};
			name = Release;
		};
		33EF7C092F5D0022000644BD /* Debug */ = {
			isa = XCBuildConfiguration;
			buildSettings = {
				ASSETCATALOG_COMPILER_APPICON_NAME = AppIcon;
				ASSETCATALOG_COMPILER_GLOBAL_ACCENT_COLOR_NAME = AccentColor;
				CODE_SIGN_STYLE = Automatic;
				CURRENT_PROJECT_VERSION = 1;
				DEVELOPMENT_TEAM = 38X539SLX8;
				ENABLE_PREVIEWS = YES;
				GENERATE_INFOPLIST_FILE = YES;
				INFOPLIST_KEY_NSPhotoLibraryAddUsageDescription = "This app needs access to save modified images back to your Photos library.";
				INFOPLIST_KEY_NSPhotoLibraryUsageDescription = "This app needs access to your Photos library to select and edit image metadata.";
				INFOPLIST_KEY_UIApplicationSceneManifest_Generation = YES;
				INFOPLIST_KEY_UIApplicationSupportsIndirectInputEvents = YES;
				INFOPLIST_KEY_UILaunchScreen_Generation = YES;
				INFOPLIST_KEY_UISupportedInterfaceOrientations_iPad = "UIInterfaceOrientationPortrait UIInterfaceOrientationPortraitUpsideDown UIInterfaceOrientationLandscapeLeft UIInterfaceOrientationLandscapeRight";
				INFOPLIST_KEY_UISupportedInterfaceOrientations_iPhone = "UIInterfaceOrientationPortrait UIInterfaceOrientationLandscapeLeft UIInterfaceOrientationLandscapeRight";
				LD_RUNPATH_SEARCH_PATHS = (
					"$(inherited)",
					"@executable_path/Frameworks",
				);
				MARKETING_VERSION = 1.0;
				PRODUCT_BUNDLE_IDENTIFIER = name.danielsantosmendez.MetadataRemover;
				PRODUCT_NAME = "$(TARGET_NAME)";
				STRING_CATALOG_GENERATE_SYMBOLS = YES;
				SWIFT_APPROACHABLE_CONCURRENCY = YES;
				SWIFT_DEFAULT_ACTOR_ISOLATION = MainActor;
				SWIFT_EMIT_LOC_STRINGS = YES;
				SWIFT_UPCOMING_FEATURE_MEMBER_IMPORT_VISIBILITY = YES;
				SWIFT_VERSION = 5.0;
				TARGETED_DEVICE_FAMILY = "1,2";
			};
			name = Debug;
		};
		33EF7C0A2F5D0022000644BD /* Release */ = {
			isa = XCBuildConfiguration;
			buildSettings = {
				ASSETCATALOG_COMPILER_APPICON_NAME = AppIcon;
				ASSETCATALOG_COMPILER_GLOBAL_ACCENT_COLOR_NAME = AccentColor;
				CODE_SIGN_STYLE = Automatic;
				CURRENT_PROJECT_VERSION = 1;
				DEVELOPMENT_TEAM = 38X539SLX8;
				ENABLE_PREVIEWS = YES;
				GENERATE_INFOPLIST_FILE = YES;
				INFOPLIST_KEY_NSPhotoLibraryAddUsageDescription = "This app needs access to save modified images back to your Photos library.";
				INFOPLIST_KEY_NSPhotoLibraryUsageDescription = "This app needs access to your Photos library to select and edit image metadata.";
				INFOPLIST_KEY_UIApplicationSceneManifest_Generation = YES;
				INFOPLIST_KEY_UIApplicationSupportsIndirectInputEvents = YES;
				INFOPLIST_KEY_UILaunchScreen_Generation = YES;
				INFOPLIST_KEY_UISupportedInterfaceOrientations_iPad = "UIInterfaceOrientationPortrait UIInterfaceOrientationPortraitUpsideDown UIInterfaceOrientationLandscapeLeft UIInterfaceOrientationLandscapeRight";
				INFOPLIST_KEY_UISupportedInterfaceOrientations_iPhone = "UIInterfaceOrientationPortrait UIInterfaceOrientationLandscapeLeft UIInterfaceOrientationLandscapeRight";
				LD_RUNPATH_SEARCH_PATHS = (
					"$(inherited)",
					"@executable_path/Frameworks",
				);
				MARKETING_VERSION = 1.0;
				PRODUCT_BUNDLE_IDENTIFIER = name.danielsantosmendez.MetadataRemover;
				PRODUCT_NAME = "$(TARGET_NAME)";
				STRING_CATALOG_GENERATE_SYMBOLS = YES;
				SWIFT_APPROACHABLE_CONCURRENCY = YES;
				SWIFT_DEFAULT_ACTOR_ISOLATION = MainActor;
				SWIFT_EMIT_LOC_STRINGS = YES;
				SWIFT_UPCOMING_FEATURE_MEMBER_IMPORT_VISIBILITY = YES;
				SWIFT_VERSION = 5.0;
				TARGETED_DEVICE_FAMILY = "1,2";
			};
			name = Release;
		};
		33EF7C0C2F5D0022000644BD /* Debug */ = {
			isa = XCBuildConfiguration;
			buildSettings = {
				BUNDLE_LOADER = "$(TEST_HOST)";
				CODE_SIGN_STYLE = Automatic;
				CURRENT_PROJECT_VERSION = 1;
				DEVELOPMENT_TEAM = 38X539SLX8;
				GENERATE_INFOPLIST_FILE = YES;
				IPHONEOS_DEPLOYMENT_TARGET = 26.1;
				MARKETING_VERSION = 1.0;
				PRODUCT_BUNDLE_IDENTIFIER = name.danielsantosmendez.MetadataRemoverTests;
				PRODUCT_NAME = "$(TARGET_NAME)";
				STRING_CATALOG_GENERATE_SYMBOLS = NO;
				SWIFT_APPROACHABLE_CONCURRENCY = YES;
				SWIFT_EMIT_LOC_STRINGS = NO;
				SWIFT_UPCOMING_FEATURE_MEMBER_IMPORT_VISIBILITY = YES;
				SWIFT_VERSION = 5.0;
				TARGETED_DEVICE_FAMILY = "1,2";
				TEST_HOST = "$(BUILT_PRODUCTS_DIR)/MetadataRemover.app/$(BUNDLE_EXECUTABLE_FOLDER_PATH)/MetadataRemover";
			};
			name = Debug;
		};
		33EF7C0D2F5D0022000644BD /* Release */ = {
			isa = XCBuildConfiguration;
			buildSettings = {
				BUNDLE_LOADER = "$(TEST_HOST)";
				CODE_SIGN_STYLE = Automatic;
				CURRENT_PROJECT_VERSION = 1;
				DEVELOPMENT_TEAM = 38X539SLX8;
				GENERATE_INFOPLIST_FILE = YES;
				IPHONEOS_DEPLOYMENT_TARGET = 26.1;
				MARKETING_VERSION = 1.0;
				PRODUCT_BUNDLE_IDENTIFIER = name.danielsantosmendez.MetadataRemoverTests;
				PRODUCT_NAME = "$(TARGET_NAME)";
				STRING_CATALOG_GENERATE_SYMBOLS = NO;
				SWIFT_APPROACHABLE_CONCURRENCY = YES;
				SWIFT_EMIT_LOC_STRINGS = NO;
				SWIFT_UPCOMING_FEATURE_MEMBER_IMPORT_VISIBILITY = YES;
				SWIFT_VERSION = 5.0;
				TARGETED_DEVICE_FAMILY = "1,2";
				TEST_HOST = "$(BUILT_PRODUCTS_DIR)/MetadataRemover.app/$(BUNDLE_EXECUTABLE_FOLDER_PATH)/MetadataRemover";
			};
			name = Release;
		};
		33EF7C0F2F5D0022000644BD /* Debug */ = {
			isa = XCBuildConfiguration;
			buildSettings = {
				CODE_SIGN_STYLE = Automatic;
				CURRENT_PROJECT_VERSION = 1;
				DEVELOPMENT_TEAM = 38X539SLX8;
				GENERATE_INFOPLIST_FILE = YES;
				MARKETING_VERSION = 1.0;
				PRODUCT_BUNDLE_IDENTIFIER = name.danielsantosmendez.MetadataRemoverUITests;
				PRODUCT_NAME = "$(TARGET_NAME)";
				STRING_CATALOG_GENERATE_SYMBOLS = NO;
				SWIFT_APPROACHABLE_CONCURRENCY = YES;
				SWIFT_EMIT_LOC_STRINGS = NO;
				SWIFT_UPCOMING_FEATURE_MEMBER_IMPORT_VISIBILITY = YES;
				SWIFT_VERSION = 5.0;
				TARGETED_DEVICE_FAMILY = "1,2";
				TEST_TARGET_NAME = MetadataRemover;
			};
			name = Debug;
		};
		33EF7C102F5D0022000644BD /* Release */ = {
			isa = XCBuildConfiguration;
			buildSettings = {
				CODE_SIGN_STYLE = Automatic;
				CURRENT_PROJECT_VERSION = 1;
				DEVELOPMENT_TEAM = 38X539SLX8;
				GENERATE_INFOPLIST_FILE = YES;
				MARKETING_VERSION = 1.0;
				PRODUCT_BUNDLE_IDENTIFIER = name.danielsantosmendez.MetadataRemoverUITests;
				PRODUCT_NAME = "$(TARGET_NAME)";
				STRING_CATALOG_GENERATE_SYMBOLS = NO;
				SWIFT_APPROACHABLE_CONCURRENCY = YES;
				SWIFT_EMIT_LOC_STRINGS = NO;
				SWIFT_UPCOMING_FEATURE_MEMBER_IMPORT_VISIBILITY = YES;
				SWIFT_VERSION = 5.0;
				TARGETED_DEVICE_FAMILY = "1,2";
				TEST_TARGET_NAME = MetadataRemover;
			};
			name = Release;
		};
/* End XCBuildConfiguration section */

/* Begin XCConfigurationList section */
		33EF7BE22F5D0020000644BD /* Build configuration list for PBXProject "MetadataRemover" */ = {
			isa = XCConfigurationList;
			buildConfigurations = (
				33EF7C062F5D0022000644BD /* Debug */,
				33EF7C072F5D0022000644BD /* Release */,
			);
			defaultConfigurationIsVisible = 0;
			defaultConfigurationName = Release;
		};
		33EF7C082F5D0022000644BD /* Build configuration list for PBXNativeTarget "MetadataRemover" */ = {
			isa = XCConfigurationList;
			buildConfigurations = (
				33EF7C092F5D0022000644BD /* Debug */,
				33EF7C0A2F5D0022000644BD /* Release */,
			);
			defaultConfigurationIsVisible = 0;
			defaultConfigurationName = Release;
		};
		33EF7C0B2F5D0022000644BD /* Build configuration list for PBXNativeTarget "MetadataRemoverTests" */ = {
			isa = XCConfigurationList;
			buildConfigurations = (
				33EF7C0C2F5D0022000644BD /* Debug */,
				33EF7C0D2F5D0022000644BD /* Release */,
			);
			defaultConfigurationIsVisible = 0;
			defaultConfigurationName = Release;
		};
		33EF7C0E2F5D0022000644BD /* Build configuration list for PBXNativeTarget "MetadataRemoverUITests" */ = {
			isa = XCConfigurationList;
			buildConfigurations = (
				33EF7C0F2F5D0022000644BD /* Debug */,
				33EF7C102F5D0022000644BD /* Release */,
			);
			defaultConfigurationIsVisible = 0;
			defaultConfigurationName = Release;
		};
/* End XCConfigurationList section */
	};
	rootObject = 33EF7BDF2F5D0020000644BD /* Project object */;
}
